
Microsoft Visual Studio Solution File, Format Version 12.00
# Visual Studio Version 17
VisualStudioVersion = 17.3.32901.215
MinimumVisualStudioVersion = 10.0.40219.1
Project("{FAE04EC0-301F-11D3-BF4B-00C04F79EFBC}") = "takımörnek1", "takımörnek1\takımörnek1.csproj", "{8DECDC85-28C3-4A65-8707-6A0D5ACC70E5}"
EndProject
Global
	GlobalSection(SolutionConfigurationPlatforms) = preSolution
		Debug|Any CPU = Debug|Any CPU
		Release|Any CPU = Release|Any CPU
	EndGlobalSection
	GlobalSection(ProjectConfigurationPlatforms) = postSolution
		{8DECDC85-28C3-4A65-8707-6A0D5ACC70E5}.Debug|Any CPU.ActiveCfg = Debug|Any CPU
		{8DECDC85-28C3-4A65-8707-6A0D5ACC70E5}.Debug|Any CPU.Build.0 = Debug|Any CPU
		{8DECDC85-28C3-4A65-8707-6A0D5ACC70E5}.Release|Any CPU.ActiveCfg = Release|Any CPU
		{8DECDC85-28C3-4A65-8707-6A0D5ACC70E5}.Release|Any CPU.Build.0 = Release|Any CPU
	EndGlobalSection
	GlobalSection(SolutionProperties) = preSolution
		HideSolutionNode = FALSE
	EndGlobalSection
	GlobalSection(ExtensibilityGlobals) = postSolution
		SolutionGuid = {769602CD-828D-4B53-A824-F073B5FC739C}
	EndGlobalSection
EndGlobal
